// !$*UTF8*$!
{
	archiveVersion = 1;
	classes = {
	};
	objectVersion = 51;
	objects = {

/* Begin PBXBuildFile section */
		1845848525C375960074B8CD /* AppDelegate.swift in Sources */ = {isa = PBXBuildFile; fileRef = 1845848425C375960074B8CD /* AppDelegate.swift */; };
		1845848725C375960074B8CD /* SceneDelegate.swift in Sources */ = {isa = PBXBuildFile; fileRef = 1845848625C375960074B8CD /* SceneDelegate.swift */; };
		1845848925C375960074B8CD /* ViewController.swift in Sources */ = {isa = PBXBuildFile; fileRef = 1845848825C375960074B8CD /* ViewController.swift */; };
		1845848C25C375960074B8CD /* Main.storyboard in Resources */ = {isa = PBXBuildFile; fileRef = 1845848A25C375960074B8CD /* Main.storyboard */; };
		1845848F25C375960074B8CD /* DrinkUp_iOS.xcdatamodeld in Sources */ = {isa = PBXBuildFile; fileRef = 1845848D25C375960074B8CD /* DrinkUp_iOS.xcdatamodeld */; };
		1845849125C375970074B8CD /* Assets.xcassets in Resources */ = {isa = PBXBuildFile; fileRef = 1845849025C375970074B8CD /* Assets.xcassets */; };
		1845849425C375970074B8CD /* LaunchScreen.storyboard in Resources */ = {isa = PBXBuildFile; fileRef = 1845849225C375970074B8CD /* LaunchScreen.storyboard */; };
		1845849F25C375970074B8CD /* DrinkUp_iOSTests.swift in Sources */ = {isa = PBXBuildFile; fileRef = 1845849E25C375970074B8CD /* DrinkUp_iOSTests.swift */; };
		184584AA25C375970074B8CD /* DrinkUp_iOSUITests.swift in Sources */ = {isa = PBXBuildFile; fileRef = 184584A925C375970074B8CD /* DrinkUp_iOSUITests.swift */; };
		188179A325C600F100424C32 /* GoogleService-Info.plist in Resources */ = {isa = PBXBuildFile; fileRef = 188179A225C600F100424C32 /* GoogleService-Info.plist */; };
		18DCDB5525D342480091671D /* Colors.swift in Sources */ = {isa = PBXBuildFile; fileRef = 18DCDB5425D342480091671D /* Colors.swift */; };
		18E5D3E825CCA54B00282F94 /* Auth.storyboard in Resources */ = {isa = PBXBuildFile; fileRef = 18E5D3E725CCA54B00282F94 /* Auth.storyboard */; };
		18E5D3F225CCA7CA00282F94 /* LoginViewController.swift in Sources */ = {isa = PBXBuildFile; fileRef = 18E5D3F125CCA7CA00282F94 /* LoginViewController.swift */; };
		18E5D3F925CCAE9700282F94 /* Firebase.swift in Sources */ = {isa = PBXBuildFile; fileRef = 18E5D3F825CCAE9700282F94 /* Firebase.swift */; };
		287F31B068883F94AD1F3DFF /* Pods_DrinkUp_iOS_DrinkUp_iOSUITests.framework in Frameworks */ = {isa = PBXBuildFile; fileRef = 3CC86658899EFCE33A689A67 /* Pods_DrinkUp_iOS_DrinkUp_iOSUITests.framework */; };
		6E2F9B34BCF2E40819DADC71 /* Pods_DrinkUp_iOS.framework in Frameworks */ = {isa = PBXBuildFile; fileRef = BA2914869730E68921F06A1F /* Pods_DrinkUp_iOS.framework */; };
		B8AD38E8F0245B861D4DAEE0 /* Pods_DrinkUp_iOSTests.framework in Frameworks */ = {isa = PBXBuildFile; fileRef = 687AA3558FFF3B73811966F1 /* Pods_DrinkUp_iOSTests.framework */; };
/* End PBXBuildFile section */

/* Begin PBXContainerItemProxy section */
		1845849B25C375970074B8CD /* PBXContainerItemProxy */ = {
			isa = PBXContainerItemProxy;
			containerPortal = 1845847925C375960074B8CD /* Project object */;
			proxyType = 1;
			remoteGlobalIDString = 1845848025C375960074B8CD;
			remoteInfo = DrinkUp_iOS;
		};
		184584A625C375970074B8CD /* PBXContainerItemProxy */ = {
			isa = PBXContainerItemProxy;
			containerPortal = 1845847925C375960074B8CD /* Project object */;
			proxyType = 1;
			remoteGlobalIDString = 1845848025C375960074B8CD;
			remoteInfo = DrinkUp_iOS;
		};
/* End PBXContainerItemProxy section */

/* Begin PBXFileReference section */
		105B18618B90C1141C3070D7 /* Pods-DrinkUp_iOS.debug.xcconfig */ = {isa = PBXFileReference; includeInIndex = 1; lastKnownFileType = text.xcconfig; name = "Pods-DrinkUp_iOS.debug.xcconfig"; path = "Target Support Files/Pods-DrinkUp_iOS/Pods-DrinkUp_iOS.debug.xcconfig"; sourceTree = "<group>"; };
		1845848125C375960074B8CD /* DrinkUp_iOS.app */ = {isa = PBXFileReference; explicitFileType = wrapper.application; includeInIndex = 0; path = DrinkUp_iOS.app; sourceTree = BUILT_PRODUCTS_DIR; };
		1845848425C375960074B8CD /* AppDelegate.swift */ = {isa = PBXFileReference; lastKnownFileType = sourcecode.swift; path = AppDelegate.swift; sourceTree = "<group>"; };
		1845848625C375960074B8CD /* SceneDelegate.swift */ = {isa = PBXFileReference; lastKnownFileType = sourcecode.swift; path = SceneDelegate.swift; sourceTree = "<group>"; };
		1845848825C375960074B8CD /* ViewController.swift */ = {isa = PBXFileReference; lastKnownFileType = sourcecode.swift; path = ViewController.swift; sourceTree = "<group>"; };
		1845848B25C375960074B8CD /* Base */ = {isa = PBXFileReference; lastKnownFileType = file.storyboard; name = Base; path = Base.lproj/Main.storyboard; sourceTree = "<group>"; };
		1845848E25C375960074B8CD /* DrinkUp_iOS.xcdatamodel */ = {isa = PBXFileReference; lastKnownFileType = wrapper.xcdatamodel; path = DrinkUp_iOS.xcdatamodel; sourceTree = "<group>"; };
		1845849025C375970074B8CD /* Assets.xcassets */ = {isa = PBXFileReference; lastKnownFileType = folder.assetcatalog; path = Assets.xcassets; sourceTree = "<group>"; };
		1845849325C375970074B8CD /* Base */ = {isa = PBXFileReference; lastKnownFileType = file.storyboard; name = Base; path = Base.lproj/LaunchScreen.storyboard; sourceTree = "<group>"; };
		1845849525C375970074B8CD /* Info.plist */ = {isa = PBXFileReference; lastKnownFileType = text.plist.xml; path = Info.plist; sourceTree = "<group>"; };
		1845849A25C375970074B8CD /* DrinkUp_iOSTests.xctest */ = {isa = PBXFileReference; explicitFileType = wrapper.cfbundle; includeInIndex = 0; path = DrinkUp_iOSTests.xctest; sourceTree = BUILT_PRODUCTS_DIR; };
		1845849E25C375970074B8CD /* DrinkUp_iOSTests.swift */ = {isa = PBXFileReference; lastKnownFileType = sourcecode.swift; path = DrinkUp_iOSTests.swift; sourceTree = "<group>"; };
		184584A025C375970074B8CD /* Info.plist */ = {isa = PBXFileReference; lastKnownFileType = text.plist.xml; path = Info.plist; sourceTree = "<group>"; };
		184584A525C375970074B8CD /* DrinkUp_iOSUITests.xctest */ = {isa = PBXFileReference; explicitFileType = wrapper.cfbundle; includeInIndex = 0; path = DrinkUp_iOSUITests.xctest; sourceTree = BUILT_PRODUCTS_DIR; };
		184584A925C375970074B8CD /* DrinkUp_iOSUITests.swift */ = {isa = PBXFileReference; lastKnownFileType = sourcecode.swift; path = DrinkUp_iOSUITests.swift; sourceTree = "<group>"; };
		184584AB25C375970074B8CD /* Info.plist */ = {isa = PBXFileReference; lastKnownFileType = text.plist.xml; path = Info.plist; sourceTree = "<group>"; };
		188179A225C600F100424C32 /* GoogleService-Info.plist */ = {isa = PBXFileReference; fileEncoding = 4; lastKnownFileType = text.plist.xml; path = "GoogleService-Info.plist"; sourceTree = "<group>"; };
		18DCDB5425D342480091671D /* Colors.swift */ = {isa = PBXFileReference; lastKnownFileType = sourcecode.swift; path = Colors.swift; sourceTree = "<group>"; };
		18E5D3E725CCA54B00282F94 /* Auth.storyboard */ = {isa = PBXFileReference; lastKnownFileType = file.storyboard; path = Auth.storyboard; sourceTree = "<group>"; };
		18E5D3F125CCA7CA00282F94 /* LoginViewController.swift */ = {isa = PBXFileReference; lastKnownFileType = sourcecode.swift; path = LoginViewController.swift; sourceTree = "<group>"; };
		18E5D3F825CCAE9700282F94 /* Firebase.swift */ = {isa = PBXFileReference; lastKnownFileType = sourcecode.swift; path = Firebase.swift; sourceTree = "<group>"; };
		3CC86658899EFCE33A689A67 /* Pods_DrinkUp_iOS_DrinkUp_iOSUITests.framework */ = {isa = PBXFileReference; explicitFileType = wrapper.framework; includeInIndex = 0; path = Pods_DrinkUp_iOS_DrinkUp_iOSUITests.framework; sourceTree = BUILT_PRODUCTS_DIR; };
		687AA3558FFF3B73811966F1 /* Pods_DrinkUp_iOSTests.framework */ = {isa = PBXFileReference; explicitFileType = wrapper.framework; includeInIndex = 0; path = Pods_DrinkUp_iOSTests.framework; sourceTree = BUILT_PRODUCTS_DIR; };
		87FD520941D9943B38B4EE03 /* Pods-DrinkUp_iOS-DrinkUp_iOSUITests.debug.xcconfig */ = {isa = PBXFileReference; includeInIndex = 1; lastKnownFileType = text.xcconfig; name = "Pods-DrinkUp_iOS-DrinkUp_iOSUITests.debug.xcconfig"; path = "Target Support Files/Pods-DrinkUp_iOS-DrinkUp_iOSUITests/Pods-DrinkUp_iOS-DrinkUp_iOSUITests.debug.xcconfig"; sourceTree = "<group>"; };
		92094D30AFA34EFB929BDD51 /* Pods-DrinkUp_iOSTests.release.xcconfig */ = {isa = PBXFileReference; includeInIndex = 1; lastKnownFileType = text.xcconfig; name = "Pods-DrinkUp_iOSTests.release.xcconfig"; path = "Target Support Files/Pods-DrinkUp_iOSTests/Pods-DrinkUp_iOSTests.release.xcconfig"; sourceTree = "<group>"; };
		A215347C2623FC9B72573559 /* Pods-DrinkUp_iOS.release.xcconfig */ = {isa = PBXFileReference; includeInIndex = 1; lastKnownFileType = text.xcconfig; name = "Pods-DrinkUp_iOS.release.xcconfig"; path = "Target Support Files/Pods-DrinkUp_iOS/Pods-DrinkUp_iOS.release.xcconfig"; sourceTree = "<group>"; };
		AF5A94F964402087F0FA5455 /* Pods-DrinkUp_iOS-DrinkUp_iOSUITests.release.xcconfig */ = {isa = PBXFileReference; includeInIndex = 1; lastKnownFileType = text.xcconfig; name = "Pods-DrinkUp_iOS-DrinkUp_iOSUITests.release.xcconfig"; path = "Target Support Files/Pods-DrinkUp_iOS-DrinkUp_iOSUITests/Pods-DrinkUp_iOS-DrinkUp_iOSUITests.release.xcconfig"; sourceTree = "<group>"; };
		B0FF641EF5AA6666FFAD32DA /* Pods-DrinkUp_iOSTests.debug.xcconfig */ = {isa = PBXFileReference; includeInIndex = 1; lastKnownFileType = text.xcconfig; name = "Pods-DrinkUp_iOSTests.debug.xcconfig"; path = "Target Support Files/Pods-DrinkUp_iOSTests/Pods-DrinkUp_iOSTests.debug.xcconfig"; sourceTree = "<group>"; };
		BA2914869730E68921F06A1F /* Pods_DrinkUp_iOS.framework */ = {isa = PBXFileReference; explicitFileType = wrapper.framework; includeInIndex = 0; path = Pods_DrinkUp_iOS.framework; sourceTree = BUILT_PRODUCTS_DIR; };
/* End PBXFileReference section */

/* Begin PBXFrameworksBuildPhase section */
		1845847E25C375960074B8CD /* Frameworks */ = {
			isa = PBXFrameworksBuildPhase;
			buildActionMask = 2147483647;
			files = (
				6E2F9B34BCF2E40819DADC71 /* Pods_DrinkUp_iOS.framework in Frameworks */,
			);
			runOnlyForDeploymentPostprocessing = 0;
		};
		1845849725C375970074B8CD /* Frameworks */ = {
			isa = PBXFrameworksBuildPhase;
			buildActionMask = 2147483647;
			files = (
				B8AD38E8F0245B861D4DAEE0 /* Pods_DrinkUp_iOSTests.framework in Frameworks */,
			);
			runOnlyForDeploymentPostprocessing = 0;
		};
		184584A225C375970074B8CD /* Frameworks */ = {
			isa = PBXFrameworksBuildPhase;
			buildActionMask = 2147483647;
			files = (
				287F31B068883F94AD1F3DFF /* Pods_DrinkUp_iOS_DrinkUp_iOSUITests.framework in Frameworks */,
			);
			runOnlyForDeploymentPostprocessing = 0;
		};
/* End PBXFrameworksBuildPhase section */

/* Begin PBXGroup section */
		1845847825C375960074B8CD = {
			isa = PBXGroup;
			children = (
				1845848325C375960074B8CD /* DrinkUp_iOS */,
				1845849D25C375970074B8CD /* DrinkUp_iOSTests */,
				184584A825C375970074B8CD /* DrinkUp_iOSUITests */,
				1845848225C375960074B8CD /* Products */,
				6E1A27D18257AFD3C90B723D /* Pods */,
				E61E56461A630D0B049EEC91 /* Frameworks */,
			);
			sourceTree = "<group>";
		};
		1845848225C375960074B8CD /* Products */ = {
			isa = PBXGroup;
			children = (
				1845848125C375960074B8CD /* DrinkUp_iOS.app */,
				1845849A25C375970074B8CD /* DrinkUp_iOSTests.xctest */,
				184584A525C375970074B8CD /* DrinkUp_iOSUITests.xctest */,
			);
			name = Products;
			sourceTree = "<group>";
		};
		1845848325C375960074B8CD /* DrinkUp_iOS */ = {
			isa = PBXGroup;
			children = (
				1845849225C375970074B8CD /* LaunchScreen.storyboard */,
				1845848425C375960074B8CD /* AppDelegate.swift */,
				1845848625C375960074B8CD /* SceneDelegate.swift */,
				18E5D3F725CCAE8900282F94 /* API */,
				18E5D3F625CCAE7B00282F94 /* Storyboards */,
				18DCDB5325D342340091671D /* Globals */,
				1845849025C375970074B8CD /* Assets.xcassets */,
				1845849525C375970074B8CD /* Info.plist */,
				188179A225C600F100424C32 /* GoogleService-Info.plist */,
				1845848D25C375960074B8CD /* DrinkUp_iOS.xcdatamodeld */,
			);
			path = DrinkUp_iOS;
			sourceTree = "<group>";
		};
		1845849D25C375970074B8CD /* DrinkUp_iOSTests */ = {
			isa = PBXGroup;
			children = (
				1845849E25C375970074B8CD /* DrinkUp_iOSTests.swift */,
				184584A025C375970074B8CD /* Info.plist */,
			);
			path = DrinkUp_iOSTests;
			sourceTree = "<group>";
		};
		184584A825C375970074B8CD /* DrinkUp_iOSUITests */ = {
			isa = PBXGroup;
			children = (
				184584A925C375970074B8CD /* DrinkUp_iOSUITests.swift */,
				184584AB25C375970074B8CD /* Info.plist */,
			);
			path = DrinkUp_iOSUITests;
			sourceTree = "<group>";
		};
		18DCDB5325D342340091671D /* Globals */ = {
			isa = PBXGroup;
			children = (
				18DCDB5425D342480091671D /* Colors.swift */,
			);
			path = Globals;
			sourceTree = "<group>";
		};
		18E5D3EC25CCA60500282F94 /* Auth */ = {
			isa = PBXGroup;
			children = (
				18E5D3E725CCA54B00282F94 /* Auth.storyboard */,
				18E5D3F125CCA7CA00282F94 /* LoginViewController.swift */,
			);
			path = Auth;
			sourceTree = "<group>";
		};
		18E5D3ED25CCA61100282F94 /* Main */ = {
			isa = PBXGroup;
			children = (
				1845848A25C375960074B8CD /* Main.storyboard */,
				1845848825C375960074B8CD /* ViewController.swift */,
			);
			path = Main;
			sourceTree = "<group>";
		};
		18E5D3F625CCAE7B00282F94 /* Storyboards */ = {
			isa = PBXGroup;
			children = (
				18E5D3EC25CCA60500282F94 /* Auth */,
				18E5D3ED25CCA61100282F94 /* Main */,
			);
			path = Storyboards;
			sourceTree = "<group>";
		};
		18E5D3F725CCAE8900282F94 /* API */ = {
			isa = PBXGroup;
			children = (
				18E5D3F825CCAE9700282F94 /* Firebase.swift */,
			);
			path = API;
			sourceTree = "<group>";
		};
		6E1A27D18257AFD3C90B723D /* Pods */ = {
			isa = PBXGroup;
			children = (
				105B18618B90C1141C3070D7 /* Pods-DrinkUp_iOS.debug.xcconfig */,
				A215347C2623FC9B72573559 /* Pods-DrinkUp_iOS.release.xcconfig */,
				87FD520941D9943B38B4EE03 /* Pods-DrinkUp_iOS-DrinkUp_iOSUITests.debug.xcconfig */,
				AF5A94F964402087F0FA5455 /* Pods-DrinkUp_iOS-DrinkUp_iOSUITests.release.xcconfig */,
				B0FF641EF5AA6666FFAD32DA /* Pods-DrinkUp_iOSTests.debug.xcconfig */,
				92094D30AFA34EFB929BDD51 /* Pods-DrinkUp_iOSTests.release.xcconfig */,
			);
			path = Pods;
			sourceTree = "<group>";
		};
		E61E56461A630D0B049EEC91 /* Frameworks */ = {
			isa = PBXGroup;
			children = (
				BA2914869730E68921F06A1F /* Pods_DrinkUp_iOS.framework */,
				3CC86658899EFCE33A689A67 /* Pods_DrinkUp_iOS_DrinkUp_iOSUITests.framework */,
				687AA3558FFF3B73811966F1 /* Pods_DrinkUp_iOSTests.framework */,
			);
			name = Frameworks;
			sourceTree = "<group>";
		};
/* End PBXGroup section */

/* Begin PBXNativeTarget section */
		1845848025C375960074B8CD /* DrinkUp_iOS */ = {
			isa = PBXNativeTarget;
			buildConfigurationList = 184584AE25C375970074B8CD /* Build configuration list for PBXNativeTarget "DrinkUp_iOS" */;
			buildPhases = (
				F77B7C068BA3EC1531448A11 /* [CP] Check Pods Manifest.lock */,
				1845847D25C375960074B8CD /* Sources */,
				1845847E25C375960074B8CD /* Frameworks */,
				1845847F25C375960074B8CD /* Resources */,
				DF4C1AB3A2DDB80BE93D56EE /* [CP] Embed Pods Frameworks */,
			);
			buildRules = (
			);
			dependencies = (
			);
			name = DrinkUp_iOS;
			productName = DrinkUp_iOS;
			productReference = 1845848125C375960074B8CD /* DrinkUp_iOS.app */;
			productType = "com.apple.product-type.application";
		};
		1845849925C375970074B8CD /* DrinkUp_iOSTests */ = {
			isa = PBXNativeTarget;
			buildConfigurationList = 184584B125C375970074B8CD /* Build configuration list for PBXNativeTarget "DrinkUp_iOSTests" */;
			buildPhases = (
				008583B5018433567E8E9C09 /* [CP] Check Pods Manifest.lock */,
				1845849625C375970074B8CD /* Sources */,
				1845849725C375970074B8CD /* Frameworks */,
				1845849825C375970074B8CD /* Resources */,
			);
			buildRules = (
			);
			dependencies = (
				1845849C25C375970074B8CD /* PBXTargetDependency */,
			);
			name = DrinkUp_iOSTests;
			productName = DrinkUp_iOSTests;
			productReference = 1845849A25C375970074B8CD /* DrinkUp_iOSTests.xctest */;
			productType = "com.apple.product-type.bundle.unit-test";
		};
		184584A425C375970074B8CD /* DrinkUp_iOSUITests */ = {
			isa = PBXNativeTarget;
			buildConfigurationList = 184584B425C375970074B8CD /* Build configuration list for PBXNativeTarget "DrinkUp_iOSUITests" */;
			buildPhases = (
				55BC37C5A42BB160D5D07FD2 /* [CP] Check Pods Manifest.lock */,
				184584A125C375970074B8CD /* Sources */,
				184584A225C375970074B8CD /* Frameworks */,
				184584A325C375970074B8CD /* Resources */,
				94579AEBB02F6ADD8BB0BED1 /* [CP] Embed Pods Frameworks */,
			);
			buildRules = (
			);
			dependencies = (
				184584A725C375970074B8CD /* PBXTargetDependency */,
			);
			name = DrinkUp_iOSUITests;
			productName = DrinkUp_iOSUITests;
			productReference = 184584A525C375970074B8CD /* DrinkUp_iOSUITests.xctest */;
			productType = "com.apple.product-type.bundle.ui-testing";
		};
/* End PBXNativeTarget section */

/* Begin PBXProject section */
		1845847925C375960074B8CD /* Project object */ = {
			isa = PBXProject;
			attributes = {
				LastSwiftUpdateCheck = 1240;
				LastUpgradeCheck = 1240;
				TargetAttributes = {
					1845848025C375960074B8CD = {
						CreatedOnToolsVersion = 12.4;
					};
					1845849925C375970074B8CD = {
						CreatedOnToolsVersion = 12.4;
						TestTargetID = 1845848025C375960074B8CD;
					};
					184584A425C375970074B8CD = {
						CreatedOnToolsVersion = 12.4;
						TestTargetID = 1845848025C375960074B8CD;
					};
				};
			};
			buildConfigurationList = 1845847C25C375960074B8CD /* Build configuration list for PBXProject "DrinkUp_iOS" */;
			compatibilityVersion = "Xcode 9.3";
			developmentRegion = en;
			hasScannedForEncodings = 0;
			knownRegions = (
				en,
				Base,
			);
			mainGroup = 1845847825C375960074B8CD;
			productRefGroup = 1845848225C375960074B8CD /* Products */;
			projectDirPath = "";
			projectRoot = "";
			targets = (
				1845848025C375960074B8CD /* DrinkUp_iOS */,
				1845849925C375970074B8CD /* DrinkUp_iOSTests */,
				184584A425C375970074B8CD /* DrinkUp_iOSUITests */,
			);
		};
/* End PBXProject section */

/* Begin PBXResourcesBuildPhase section */
		1845847F25C375960074B8CD /* Resources */ = {
			isa = PBXResourcesBuildPhase;
			buildActionMask = 2147483647;
			files = (
				1845849425C375970074B8CD /* LaunchScreen.storyboard in Resources */,
				1845849125C375970074B8CD /* Assets.xcassets in Resources */,
				18E5D3E825CCA54B00282F94 /* Auth.storyboard in Resources */,
				188179A325C600F100424C32 /* GoogleService-Info.plist in Resources */,
				1845848C25C375960074B8CD /* Main.storyboard in Resources */,
			);
			runOnlyForDeploymentPostprocessing = 0;
		};
		1845849825C375970074B8CD /* Resources */ = {
			isa = PBXResourcesBuildPhase;
			buildActionMask = 2147483647;
			files = (
			);
			runOnlyForDeploymentPostprocessing = 0;
		};
		184584A325C375970074B8CD /* Resources */ = {
			isa = PBXResourcesBuildPhase;
			buildActionMask = 2147483647;
			files = (
			);
			runOnlyForDeploymentPostprocessing = 0;
		};
/* End PBXResourcesBuildPhase section */

/* Begin PBXShellScriptBuildPhase section */
		008583B5018433567E8E9C09 /* [CP] Check Pods Manifest.lock */ = {
			isa = PBXShellScriptBuildPhase;
			buildActionMask = 2147483647;
			files = (
			);
			inputFileListPaths = (
			);
			inputPaths = (
				"${PODS_PODFILE_DIR_PATH}/Podfile.lock",
				"${PODS_ROOT}/Manifest.lock",
			);
			name = "[CP] Check Pods Manifest.lock";
			outputFileListPaths = (
			);
			outputPaths = (
				"$(DERIVED_FILE_DIR)/Pods-DrinkUp_iOSTests-checkManifestLockResult.txt",
			);
			runOnlyForDeploymentPostprocessing = 0;
			shellPath = /bin/sh;
			shellScript = "diff \"${PODS_PODFILE_DIR_PATH}/Podfile.lock\" \"${PODS_ROOT}/Manifest.lock\" > /dev/null\nif [ $? != 0 ] ; then\n    # print error to STDERR\n    echo \"error: The sandbox is not in sync with the Podfile.lock. Run 'pod install' or update your CocoaPods installation.\" >&2\n    exit 1\nfi\n# This output is used by Xcode 'outputs' to avoid re-running this script phase.\necho \"SUCCESS\" > \"${SCRIPT_OUTPUT_FILE_0}\"\n";
			showEnvVarsInLog = 0;
		};
		55BC37C5A42BB160D5D07FD2 /* [CP] Check Pods Manifest.lock */ = {
			isa = PBXShellScriptBuildPhase;
			buildActionMask = 2147483647;
			files = (
			);
			inputFileListPaths = (
			);
			inputPaths = (
				"${PODS_PODFILE_DIR_PATH}/Podfile.lock",
				"${PODS_ROOT}/Manifest.lock",
			);
			name = "[CP] Check Pods Manifest.lock";
			outputFileListPaths = (
			);
			outputPaths = (
				"$(DERIVED_FILE_DIR)/Pods-DrinkUp_iOS-DrinkUp_iOSUITests-checkManifestLockResult.txt",
			);
			runOnlyForDeploymentPostprocessing = 0;
			shellPath = /bin/sh;
			shellScript = "diff \"${PODS_PODFILE_DIR_PATH}/Podfile.lock\" \"${PODS_ROOT}/Manifest.lock\" > /dev/null\nif [ $? != 0 ] ; then\n    # print error to STDERR\n    echo \"error: The sandbox is not in sync with the Podfile.lock. Run 'pod install' or update your CocoaPods installation.\" >&2\n    exit 1\nfi\n# This output is used by Xcode 'outputs' to avoid re-running this script phase.\necho \"SUCCESS\" > \"${SCRIPT_OUTPUT_FILE_0}\"\n";
			showEnvVarsInLog = 0;
		};
		94579AEBB02F6ADD8BB0BED1 /* [CP] Embed Pods Frameworks */ = {
			isa = PBXShellScriptBuildPhase;
			buildActionMask = 2147483647;
			files = (
			);
			inputFileListPaths = (
				"${PODS_ROOT}/Target Support Files/Pods-DrinkUp_iOS-DrinkUp_iOSUITests/Pods-DrinkUp_iOS-DrinkUp_iOSUITests-frameworks-${CONFIGURATION}-input-files.xcfilelist",
			);
			name = "[CP] Embed Pods Frameworks";
			outputFileListPaths = (
				"${PODS_ROOT}/Target Support Files/Pods-DrinkUp_iOS-DrinkUp_iOSUITests/Pods-DrinkUp_iOS-DrinkUp_iOSUITests-frameworks-${CONFIGURATION}-output-files.xcfilelist",
			);
			runOnlyForDeploymentPostprocessing = 0;
			shellPath = /bin/sh;
			shellScript = "\"${PODS_ROOT}/Target Support Files/Pods-DrinkUp_iOS-DrinkUp_iOSUITests/Pods-DrinkUp_iOS-DrinkUp_iOSUITests-frameworks.sh\"\n";
			showEnvVarsInLog = 0;
		};
		DF4C1AB3A2DDB80BE93D56EE /* [CP] Embed Pods Frameworks */ = {
			isa = PBXShellScriptBuildPhase;
			buildActionMask = 2147483647;
			files = (
			);
			inputFileListPaths = (
				"${PODS_ROOT}/Target Support Files/Pods-DrinkUp_iOS/Pods-DrinkUp_iOS-frameworks-${CONFIGURATION}-input-files.xcfilelist",
			);
			name = "[CP] Embed Pods Frameworks";
			outputFileListPaths = (
				"${PODS_ROOT}/Target Support Files/Pods-DrinkUp_iOS/Pods-DrinkUp_iOS-frameworks-${CONFIGURATION}-output-files.xcfilelist",
			);
			runOnlyForDeploymentPostprocessing = 0;
			shellPath = /bin/sh;
			shellScript = "\"${PODS_ROOT}/Target Support Files/Pods-DrinkUp_iOS/Pods-DrinkUp_iOS-frameworks.sh\"\n";
			showEnvVarsInLog = 0;
		};
		F77B7C068BA3EC1531448A11 /* [CP] Check Pods Manifest.lock */ = {
			isa = PBXShellScriptBuildPhase;
			buildActionMask = 2147483647;
			files = (
			);
			inputFileListPaths = (
			);
			inputPaths = (
				"${PODS_PODFILE_DIR_PATH}/Podfile.lock",
				"${PODS_ROOT}/Manifest.lock",
			);
			name = "[CP] Check Pods Manifest.lock";
			outputFileListPaths = (
			);
			outputPaths = (
				"$(DERIVED_FILE_DIR)/Pods-DrinkUp_iOS-checkManifestLockResult.txt",
			);
			runOnlyForDeploymentPostprocessing = 0;
			shellPath = /bin/sh;
			shellScript = "diff \"${PODS_PODFILE_DIR_PATH}/Podfile.lock\" \"${PODS_ROOT}/Manifest.lock\" > /dev/null\nif [ $? != 0 ] ; then\n    # print error to STDERR\n    echo \"error: The sandbox is not in sync with the Podfile.lock. Run 'pod install' or update your CocoaPods installation.\" >&2\n    exit 1\nfi\n# This output is used by Xcode 'outputs' to avoid re-running this script phase.\necho \"SUCCESS\" > \"${SCRIPT_OUTPUT_FILE_0}\"\n";
			showEnvVarsInLog = 0;
		};
/* End PBXShellScriptBuildPhase section */

/* Begin PBXSourcesBuildPhase section */
		1845847D25C375960074B8CD /* Sources */ = {
			isa = PBXSourcesBuildPhase;
			buildActionMask = 2147483647;
			files = (
				18E5D3F925CCAE9700282F94 /* Firebase.swift in Sources */,
				1845848925C375960074B8CD /* ViewController.swift in Sources */,
				1845848525C375960074B8CD /* AppDelegate.swift in Sources */,
				18DCDB5525D342480091671D /* Colors.swift in Sources */,
				1845848725C375960074B8CD /* SceneDelegate.swift in Sources */,
				18E5D3F225CCA7CA00282F94 /* LoginViewController.swift in Sources */,
				1845848F25C375960074B8CD /* DrinkUp_iOS.xcdatamodeld in Sources */,
			);
			runOnlyForDeploymentPostprocessing = 0;
		};
		1845849625C375970074B8CD /* Sources */ = {
			isa = PBXSourcesBuildPhase;
			buildActionMask = 2147483647;
			files = (
				1845849F25C375970074B8CD /* DrinkUp_iOSTests.swift in Sources */,
			);
			runOnlyForDeploymentPostprocessing = 0;
		};
		184584A125C375970074B8CD /* Sources */ = {
			isa = PBXSourcesBuildPhase;
			buildActionMask = 2147483647;
			files = (
				184584AA25C375970074B8CD /* DrinkUp_iOSUITests.swift in Sources */,
			);
			runOnlyForDeploymentPostprocessing = 0;
		};
/* End PBXSourcesBuildPhase section */

/* Begin PBXTargetDependency section */
		1845849C25C375970074B8CD /* PBXTargetDependency */ = {
			isa = PBXTargetDependency;
			target = 1845848025C375960074B8CD /* DrinkUp_iOS */;
			targetProxy = 1845849B25C375970074B8CD /* PBXContainerItemProxy */;
		};
		184584A725C375970074B8CD /* PBXTargetDependency */ = {
			isa = PBXTargetDependency;
			target = 1845848025C375960074B8CD /* DrinkUp_iOS */;
			targetProxy = 184584A625C375970074B8CD /* PBXContainerItemProxy */;
		};
/* End PBXTargetDependency section */

/* Begin PBXVariantGroup section */
		1845848A25C375960074B8CD /* Main.storyboard */ = {
			isa = PBXVariantGroup;
			children = (
				1845848B25C375960074B8CD /* Base */,
			);
			name = Main.storyboard;
			sourceTree = "<group>";
		};
		1845849225C375970074B8CD /* LaunchScreen.storyboard */ = {
			isa = PBXVariantGroup;
			children = (
				1845849325C375970074B8CD /* Base */,
			);
			name = LaunchScreen.storyboard;
			sourceTree = "<group>";
		};
/* End PBXVariantGroup section */

/* Begin XCBuildConfiguration section */
		184584AC25C375970074B8CD /* Debug */ = {
			isa = XCBuildConfiguration;
			buildSettings = {
				ALWAYS_SEARCH_USER_PATHS = NO;
				CLANG_ANALYZER_NONNULL = YES;
				CLANG_ANALYZER_NUMBER_OBJECT_CONVERSION = YES_AGGRESSIVE;
				CLANG_CXX_LANGUAGE_STANDARD = "gnu++14";
				CLANG_CXX_LIBRARY = "libc++";
				CLANG_ENABLE_MODULES = YES;
				CLANG_ENABLE_OBJC_ARC = YES;
				CLANG_ENABLE_OBJC_WEAK = YES;
				CLANG_WARN_BLOCK_CAPTURE_AUTORELEASING = YES;
				CLANG_WARN_BOOL_CONVERSION = YES;
				CLANG_WARN_COMMA = YES;
				CLANG_WARN_CONSTANT_CONVERSION = YES;
				CLANG_WARN_DEPRECATED_OBJC_IMPLEMENTATIONS = YES;
				CLANG_WARN_DIRECT_OBJC_ISA_USAGE = YES_ERROR;
				CLANG_WARN_DOCUMENTATION_COMMENTS = YES;
				CLANG_WARN_EMPTY_BODY = YES;
				CLANG_WARN_ENUM_CONVERSION = YES;
				CLANG_WARN_INFINITE_RECURSION = YES;
				CLANG_WARN_INT_CONVERSION = YES;
				CLANG_WARN_NON_LITERAL_NULL_CONVERSION = YES;
				CLANG_WARN_OBJC_IMPLICIT_RETAIN_SELF = YES;
				CLANG_WARN_OBJC_LITERAL_CONVERSION = YES;
				CLANG_WARN_OBJC_ROOT_CLASS = YES_ERROR;
				CLANG_WARN_QUOTED_INCLUDE_IN_FRAMEWORK_HEADER = YES;
				CLANG_WARN_RANGE_LOOP_ANALYSIS = YES;
				CLANG_WARN_STRICT_PROTOTYPES = YES;
				CLANG_WARN_SUSPICIOUS_MOVE = YES;
				CLANG_WARN_UNGUARDED_AVAILABILITY = YES_AGGRESSIVE;
				CLANG_WARN_UNREACHABLE_CODE = YES;
				CLANG_WARN__DUPLICATE_METHOD_MATCH = YES;
				COPY_PHASE_STRIP = NO;
				DEBUG_INFORMATION_FORMAT = dwarf;
				ENABLE_STRICT_OBJC_MSGSEND = YES;
				ENABLE_TESTABILITY = YES;
				GCC_C_LANGUAGE_STANDARD = gnu11;
				GCC_DYNAMIC_NO_PIC = NO;
				GCC_NO_COMMON_BLOCKS = YES;
				GCC_OPTIMIZATION_LEVEL = 0;
				GCC_PREPROCESSOR_DEFINITIONS = (
					"DEBUG=1",
					"$(inherited)",
				);
				GCC_WARN_64_TO_32_BIT_CONVERSION = YES;
				GCC_WARN_ABOUT_RETURN_TYPE = YES_ERROR;
				GCC_WARN_UNDECLARED_SELECTOR = YES;
				GCC_WARN_UNINITIALIZED_AUTOS = YES_AGGRESSIVE;
				GCC_WARN_UNUSED_FUNCTION = YES;
				GCC_WARN_UNUSED_VARIABLE = YES;
				IPHONEOS_DEPLOYMENT_TARGET = 14.4;
				MTL_ENABLE_DEBUG_INFO = INCLUDE_SOURCE;
				MTL_FAST_MATH = YES;
				ONLY_ACTIVE_ARCH = YES;
				SDKROOT = iphoneos;
				SWIFT_ACTIVE_COMPILATION_CONDITIONS = DEBUG;
				SWIFT_OPTIMIZATION_LEVEL = "-Onone";
			};
			name = Debug;
		};
		184584AD25C375970074B8CD /* Release */ = {
			isa = XCBuildConfiguration;
			buildSettings = {
				ALWAYS_SEARCH_USER_PATHS = NO;
				CLANG_ANALYZER_NONNULL = YES;
				CLANG_ANALYZER_NUMBER_OBJECT_CONVERSION = YES_AGGRESSIVE;
				CLANG_CXX_LANGUAGE_STANDARD = "gnu++14";
				CLANG_CXX_LIBRARY = "libc++";
				CLANG_ENABLE_MODULES = YES;
				CLANG_ENABLE_OBJC_ARC = YES;
				CLANG_ENABLE_OBJC_WEAK = YES;
				CLANG_WARN_BLOCK_CAPTURE_AUTORELEASING = YES;
				CLANG_WARN_BOOL_CONVERSION = YES;
				CLANG_WARN_COMMA = YES;
				CLANG_WARN_CONSTANT_CONVERSION = YES;
				CLANG_WARN_DEPRECATED_OBJC_IMPLEMENTATIONS = YES;
				CLANG_WARN_DIRECT_OBJC_ISA_USAGE = YES_ERROR;
				CLANG_WARN_DOCUMENTATION_COMMENTS = YES;
				CLANG_WARN_EMPTY_BODY = YES;
				CLANG_WARN_ENUM_CONVERSION = YES;
				CLANG_WARN_INFINITE_RECURSION = YES;
				CLANG_WARN_INT_CONVERSION = YES;
				CLANG_WARN_NON_LITERAL_NULL_CONVERSION = YES;
				CLANG_WARN_OBJC_IMPLICIT_RETAIN_SELF = YES;
				CLANG_WARN_OBJC_LITERAL_CONVERSION = YES;
				CLANG_WARN_OBJC_ROOT_CLASS = YES_ERROR;
				CLANG_WARN_QUOTED_INCLUDE_IN_FRAMEWORK_HEADER = YES;
				CLANG_WARN_RANGE_LOOP_ANALYSIS = YES;
				CLANG_WARN_STRICT_PROTOTYPES = YES;
				CLANG_WARN_SUSPICIOUS_MOVE = YES;
				CLANG_WARN_UNGUARDED_AVAILABILITY = YES_AGGRESSIVE;
				CLANG_WARN_UNREACHABLE_CODE = YES;
				CLANG_WARN__DUPLICATE_METHOD_MATCH = YES;
				COPY_PHASE_STRIP = NO;
				DEBUG_INFORMATION_FORMAT = "dwarf-with-dsym";
				ENABLE_NS_ASSERTIONS = NO;
				ENABLE_STRICT_OBJC_MSGSEND = YES;
				GCC_C_LANGUAGE_STANDARD = gnu11;
				GCC_NO_COMMON_BLOCKS = YES;
				GCC_WARN_64_TO_32_BIT_CONVERSION = YES;
				GCC_WARN_ABOUT_RETURN_TYPE = YES_ERROR;
				GCC_WARN_UNDECLARED_SELECTOR = YES;
				GCC_WARN_UNINITIALIZED_AUTOS = YES_AGGRESSIVE;
				GCC_WARN_UNUSED_FUNCTION = YES;
				GCC_WARN_UNUSED_VARIABLE = YES;
				IPHONEOS_DEPLOYMENT_TARGET = 14.4;
				MTL_ENABLE_DEBUG_INFO = NO;
				MTL_FAST_MATH = YES;
				SDKROOT = iphoneos;
				SWIFT_COMPILATION_MODE = wholemodule;
				SWIFT_OPTIMIZATION_LEVEL = "-O";
				VALIDATE_PRODUCT = YES;
			};
			name = Release;
		};
		184584AF25C375970074B8CD /* Debug */ = {
			isa = XCBuildConfiguration;
			baseConfigurationReference = 105B18618B90C1141C3070D7 /* Pods-DrinkUp_iOS.debug.xcconfig */;
			buildSettings = {
				ASSETCATALOG_COMPILER_APPICON_NAME = AppIcon;
				ASSETCATALOG_COMPILER_GLOBAL_ACCENT_COLOR_NAME = AccentColor;
				CODE_SIGN_STYLE = Automatic;
				DEVELOPMENT_TEAM = FW36D52GL8;
				INFOPLIST_FILE = DrinkUp_iOS/Info.plist;
				LD_RUNPATH_SEARCH_PATHS = (
					"$(inherited)",
					"@executable_path/Frameworks",
				);
				PRODUCT_BUNDLE_IDENTIFIER = "DrinkUp.DrinkUp-iOS";
				PRODUCT_NAME = "$(TARGET_NAME)";
				SWIFT_VERSION = 5.0;
				TARGETED_DEVICE_FAMILY = 1;
			};
			name = Debug;
		};
		184584B025C375970074B8CD /* Release */ = {
			isa = XCBuildConfiguration;
			baseConfigurationReference = A215347C2623FC9B72573559 /* Pods-DrinkUp_iOS.release.xcconfig */;
			buildSettings = {
				ASSETCATALOG_COMPILER_APPICON_NAME = AppIcon;
				ASSETCATALOG_COMPILER_GLOBAL_ACCENT_COLOR_NAME = AccentColor;
				CODE_SIGN_STYLE = Automatic;
				DEVELOPMENT_TEAM = FW36D52GL8;
				INFOPLIST_FILE = DrinkUp_iOS/Info.plist;
				LD_RUNPATH_SEARCH_PATHS = (
					"$(inherited)",
					"@executable_path/Frameworks",
				);
				PRODUCT_BUNDLE_IDENTIFIER = "DrinkUp.DrinkUp-iOS";
				PRODUCT_NAME = "$(TARGET_NAME)";
				SWIFT_VERSION = 5.0;
				TARGETED_DEVICE_FAMILY = 1;
			};
			name = Release;
		};
		184584B225C375970074B8CD /* Debug */ = {
			isa = XCBuildConfiguration;
			baseConfigurationReference = B0FF641EF5AA6666FFAD32DA /* Pods-DrinkUp_iOSTests.debug.xcconfig */;
			buildSettings = {
				ALWAYS_EMBED_SWIFT_STANDARD_LIBRARIES = YES;
				BUNDLE_LOADER = "$(TEST_HOST)";
				CODE_SIGN_STYLE = Automatic;
				INFOPLIST_FILE = DrinkUp_iOSTests/Info.plist;
				IPHONEOS_DEPLOYMENT_TARGET = 14.4;
				LD_RUNPATH_SEARCH_PATHS = (
					"$(inherited)",
					"@executable_path/Frameworks",
					"@loader_path/Frameworks",
				);
				PRODUCT_BUNDLE_IDENTIFIER = "DrinkUp.DrinkUp-iOSTests";
				PRODUCT_NAME = "$(TARGET_NAME)";
				SWIFT_VERSION = 5.0;
				TARGETED_DEVICE_FAMILY = "1,2";
				TEST_HOST = "$(BUILT_PRODUCTS_DIR)/DrinkUp_iOS.app/DrinkUp_iOS";
			};
			name = Debug;
		};
		184584B325C375970074B8CD /* Release */ = {
			isa = XCBuildConfiguration;
			baseConfigurationReference = 92094D30AFA34EFB929BDD51 /* Pods-DrinkUp_iOSTests.release.xcconfig */;
			buildSettings = {
				ALWAYS_EMBED_SWIFT_STANDARD_LIBRARIES = YES;
				BUNDLE_LOADER = "$(TEST_HOST)";
				CODE_SIGN_STYLE = Automatic;
				INFOPLIST_FILE = DrinkUp_iOSTests/Info.plist;
				IPHONEOS_DEPLOYMENT_TARGET = 14.4;
				LD_RUNPATH_SEARCH_PATHS = (
					"$(inherited)",
					"@executable_path/Frameworks",
					"@loader_path/Frameworks",
				);
				PRODUCT_BUNDLE_IDENTIFIER = "DrinkUp.DrinkUp-iOSTests";
				PRODUCT_NAME = "$(TARGET_NAME)";
				SWIFT_VERSION = 5.0;
				TARGETED_DEVICE_FAMILY = "1,2";
				TEST_HOST = "$(BUILT_PRODUCTS_DIR)/DrinkUp_iOS.app/DrinkUp_iOS";
			};
			name = Release;
		};
		184584B525C375970074B8CD /* Debug */ = {
			isa = XCBuildConfiguration;
			baseConfigurationReference = 87FD520941D9943B38B4EE03 /* Pods-DrinkUp_iOS-DrinkUp_iOSUITests.debug.xcconfig */;
			buildSettings = {
				ALWAYS_EMBED_SWIFT_STANDARD_LIBRARIES = YES;
				CODE_SIGN_STYLE = Automatic;
				INFOPLIST_FILE = DrinkUp_iOSUITests/Info.plist;
				LD_RUNPATH_SEARCH_PATHS = (
					"$(inherited)",
					"@executable_path/Frameworks",
					"@loader_path/Frameworks",
				);
				PRODUCT_BUNDLE_IDENTIFIER = "DrinkUp.DrinkUp-iOSUITests";
				PRODUCT_NAME = "$(TARGET_NAME)";
				SWIFT_VERSION = 5.0;
				TARGETED_DEVICE_FAMILY = "1,2";
				TEST_TARGET_NAME = DrinkUp_iOS;
			};
			name = Debug;
		};
		184584B625C375970074B8CD /* Release */ = {
			isa = XCBuildConfiguration;
			baseConfigurationReference = AF5A94F964402087F0FA5455 /* Pods-DrinkUp_iOS-DrinkUp_iOSUITests.release.xcconfig */;
			buildSettings = {
				ALWAYS_EMBED_SWIFT_STANDARD_LIBRARIES = YES;
				CODE_SIGN_STYLE = Automatic;
				INFOPLIST_FILE = DrinkUp_iOSUITests/Info.plist;
				LD_RUNPATH_SEARCH_PATHS = (
					"$(inherited)",
					"@executable_path/Frameworks",
					"@loader_path/Frameworks",
				);
				PRODUCT_BUNDLE_IDENTIFIER = "DrinkUp.DrinkUp-iOSUITests";
				PRODUCT_NAME = "$(TARGET_NAME)";
				SWIFT_VERSION = 5.0;
				TARGETED_DEVICE_FAMILY = "1,2";
				TEST_TARGET_NAME = DrinkUp_iOS;
			};
			name = Release;
		};
/* End XCBuildConfiguration section */

/* Begin XCConfigurationList section */
		1845847C25C375960074B8CD /* Build configuration list for PBXProject "DrinkUp_iOS" */ = {
			isa = XCConfigurationList;
			buildConfigurations = (
				184584AC25C375970074B8CD /* Debug */,
				184584AD25C375970074B8CD /* Release */,
			);
			defaultConfigurationIsVisible = 0;
			defaultConfigurationName = Release;
		};
		184584AE25C375970074B8CD /* Build configuration list for PBXNativeTarget "DrinkUp_iOS" */ = {
			isa = XCConfigurationList;
			buildConfigurations = (
				184584AF25C375970074B8CD /* Debug */,
				184584B025C375970074B8CD /* Release */,
			);
			defaultConfigurationIsVisible = 0;
			defaultConfigurationName = Release;
		};
		184584B125C375970074B8CD /* Build configuration list for PBXNativeTarget "DrinkUp_iOSTests" */ = {
			isa = XCConfigurationList;
			buildConfigurations = (
				184584B225C375970074B8CD /* Debug */,
				184584B325C375970074B8CD /* Release */,
			);
			defaultConfigurationIsVisible = 0;
			defaultConfigurationName = Release;
		};
		184584B425C375970074B8CD /* Build configuration list for PBXNativeTarget "DrinkUp_iOSUITests" */ = {
			isa = XCConfigurationList;
			buildConfigurations = (
				184584B525C375970074B8CD /* Debug */,
				184584B625C375970074B8CD /* Release */,
			);
			defaultConfigurationIsVisible = 0;
			defaultConfigurationName = Release;
		};
/* End XCConfigurationList section */

/* Begin XCVersionGroup section */
		1845848D25C375960074B8CD /* DrinkUp_iOS.xcdatamodeld */ = {
			isa = XCVersionGroup;
			children = (
				1845848E25C375960074B8CD /* DrinkUp_iOS.xcdatamodel */,
			);
			currentVersion = 1845848E25C375960074B8CD /* DrinkUp_iOS.xcdatamodel */;
			path = DrinkUp_iOS.xcdatamodeld;
			sourceTree = "<group>";
			versionGroupType = wrapper.xcdatamodel;
		};
/* End XCVersionGroup section */
	};
	rootObject = 1845847925C375960074B8CD /* Project object */;
}
